
Microsoft Visual Studio Solution File, Format Version 12.00
# Visual Studio 14
VisualStudioVersion = 14.0.23107.0
MinimumVisualStudioVersion = 10.0.40219.1
Project("{FAE04EC0-301F-11D3-BF4B-00C04F79EFBC}") = "ExtendedEnum", "ExtendedEnum\ExtendedEnum.csproj", "{CE434566-C425-42B5-8C67-7DE88D876AEE}"
EndProject
Project("{FAE04EC0-301F-11D3-BF4B-00C04F79EFBC}") = "ExtendedEnum.Tests", "ExtendedEnum.Tests\ExtendedEnum.Tests.csproj", "{305C3F8C-BBE0-4FFB-A023-272F58DE4CB3}"
EndProject
Global
	GlobalSection(SolutionConfigurationPlatforms) = preSolution
		Debug|Any CPU = Debug|Any CPU
		Release|Any CPU = Release|Any CPU
	EndGlobalSection
	GlobalSection(ProjectConfigurationPlatforms) = postSolution
		{CE434566-C425-42B5-8C67-7DE88D876AEE}.Debug|Any CPU.ActiveCfg = Debug|Any CPU
		{CE434566-C425-42B5-8C67-7DE88D876AEE}.Debug|Any CPU.Build.0 = Debug|Any CPU
		{CE434566-C425-42B5-8C67-7DE88D876AEE}.Release|Any CPU.ActiveCfg = Release|Any CPU
		{CE434566-C425-42B5-8C67-7DE88D876AEE}.Release|Any CPU.Build.0 = Release|Any CPU
		{305C3F8C-BBE0-4FFB-A023-272F58DE4CB3}.Debug|Any CPU.ActiveCfg = Debug|Any CPU
		{305C3F8C-BBE0-4FFB-A023-272F58DE4CB3}.Debug|Any CPU.Build.0 = Debug|Any CPU
		{305C3F8C-BBE0-4FFB-A023-272F58DE4CB3}.Release|Any CPU.ActiveCfg = Release|Any CPU
		{305C3F8C-BBE0-4FFB-A023-272F58DE4CB3}.Release|Any CPU.Build.0 = Release|Any CPU
	EndGlobalSection
	GlobalSection(SolutionProperties) = preSolution
		HideSolutionNode = FALSE
	EndGlobalSection
EndGlobal
